// !$*UTF8*$!
{
	archiveVersion = 1;
	classes = {
	};
	objectVersion = 50;
	objects = {

/* Begin PBXBuildFile section */
		722AC1EA2640E4D200EEBA66 /* AppDelegate.swift in Sources */ = {isa = PBXBuildFile; fileRef = 722AC1E92640E4D200EEBA66 /* AppDelegate.swift */; };
		722AC1EC2640E4D200EEBA66 /* SceneDelegate.swift in Sources */ = {isa = PBXBuildFile; fileRef = 722AC1EB2640E4D200EEBA66 /* SceneDelegate.swift */; };
		722AC1EE2640E4D200EEBA66 /* ContentView.swift in Sources */ = {isa = PBXBuildFile; fileRef = 722AC1ED2640E4D200EEBA66 /* ContentView.swift */; };
		722AC1F02640E4D800EEBA66 /* Assets.xcassets in Resources */ = {isa = PBXBuildFile; fileRef = 722AC1EF2640E4D800EEBA66 /* Assets.xcassets */; };
		722AC1F32640E4D900EEBA66 /* Preview Assets.xcassets in Resources */ = {isa = PBXBuildFile; fileRef = 722AC1F22640E4D900EEBA66 /* Preview Assets.xcassets */; };
		722AC1F62640E4D900EEBA66 /* LaunchScreen.storyboard in Resources */ = {isa = PBXBuildFile; fileRef = 722AC1F42640E4D900EEBA66 /* LaunchScreen.storyboard */; };
		722AC1FF2641045D00EEBA66 /* Helper.swift in Sources */ = {isa = PBXBuildFile; fileRef = 722AC1FE2641045C00EEBA66 /* Helper.swift */; };
		722AC203264105BA00EEBA66 /* Activity.swift in Sources */ = {isa = PBXBuildFile; fileRef = 722AC202264105BA00EEBA66 /* Activity.swift */; };
		722AC20A264117B900EEBA66 /* activities.json in Resources */ = {isa = PBXBuildFile; fileRef = 722AC209264117B800EEBA66 /* activities.json */; };
		727F6FDB2648C56B002C39C6 /* ActivityDetail.swift in Sources */ = {isa = PBXBuildFile; fileRef = 727F6FDA2648C56A002C39C6 /* ActivityDetail.swift */; };
		727F6FDD26497319002C39C6 /* ActivityStore.swift in Sources */ = {isa = PBXBuildFile; fileRef = 727F6FDC26497319002C39C6 /* ActivityStore.swift */; };
		727F6FE1264A153E002C39C6 /* HomeView.swift in Sources */ = {isa = PBXBuildFile; fileRef = 727F6FE0264A153E002C39C6 /* HomeView.swift */; };
		727F6FE3264A196F002C39C6 /* SideMenu.swift in Sources */ = {isa = PBXBuildFile; fileRef = 727F6FE2264A196F002C39C6 /* SideMenu.swift */; };
/* End PBXBuildFile section */

/* Begin PBXFileReference section */
		722AC1E62640E4D200EEBA66 /* Hobbly.app */ = {isa = PBXFileReference; explicitFileType = wrapper.application; includeInIndex = 0; path = Hobbly.app; sourceTree = BUILT_PRODUCTS_DIR; };
		722AC1E92640E4D200EEBA66 /* AppDelegate.swift */ = {isa = PBXFileReference; lastKnownFileType = sourcecode.swift; path = AppDelegate.swift; sourceTree = "<group>"; };
		722AC1EB2640E4D200EEBA66 /* SceneDelegate.swift */ = {isa = PBXFileReference; lastKnownFileType = sourcecode.swift; path = SceneDelegate.swift; sourceTree = "<group>"; };
		722AC1ED2640E4D200EEBA66 /* ContentView.swift */ = {isa = PBXFileReference; lastKnownFileType = sourcecode.swift; path = ContentView.swift; sourceTree = "<group>"; };
		722AC1EF2640E4D800EEBA66 /* Assets.xcassets */ = {isa = PBXFileReference; lastKnownFileType = folder.assetcatalog; path = Assets.xcassets; sourceTree = "<group>"; };
		722AC1F22640E4D900EEBA66 /* Preview Assets.xcassets */ = {isa = PBXFileReference; lastKnownFileType = folder.assetcatalog; path = "Preview Assets.xcassets"; sourceTree = "<group>"; };
		722AC1F52640E4D900EEBA66 /* Base */ = {isa = PBXFileReference; lastKnownFileType = file.storyboard; name = Base; path = Base.lproj/LaunchScreen.storyboard; sourceTree = "<group>"; };
		722AC1F72640E4D900EEBA66 /* Info.plist */ = {isa = PBXFileReference; lastKnownFileType = text.plist.xml; path = Info.plist; sourceTree = "<group>"; };
		722AC1FE2641045C00EEBA66 /* Helper.swift */ = {isa = PBXFileReference; fileEncoding = 4; lastKnownFileType = sourcecode.swift; path = Helper.swift; sourceTree = "<group>"; };
		722AC202264105BA00EEBA66 /* Activity.swift */ = {isa = PBXFileReference; lastKnownFileType = sourcecode.swift; path = Activity.swift; sourceTree = "<group>"; };
		722AC209264117B800EEBA66 /* activities.json */ = {isa = PBXFileReference; fileEncoding = 4; lastKnownFileType = text.json; path = activities.json; sourceTree = "<group>"; };
		727F6FDA2648C56A002C39C6 /* ActivityDetail.swift */ = {isa = PBXFileReference; lastKnownFileType = sourcecode.swift; path = ActivityDetail.swift; sourceTree = "<group>"; };
		727F6FDC26497319002C39C6 /* ActivityStore.swift */ = {isa = PBXFileReference; lastKnownFileType = sourcecode.swift; path = ActivityStore.swift; sourceTree = "<group>"; };
		727F6FE0264A153E002C39C6 /* HomeView.swift */ = {isa = PBXFileReference; lastKnownFileType = sourcecode.swift; path = HomeView.swift; sourceTree = "<group>"; };
		727F6FE2264A196F002C39C6 /* SideMenu.swift */ = {isa = PBXFileReference; lastKnownFileType = sourcecode.swift; path = SideMenu.swift; sourceTree = "<group>"; };
/* End PBXFileReference section */

/* Begin PBXFrameworksBuildPhase section */
		722AC1E32640E4D200EEBA66 /* Frameworks */ = {
			isa = PBXFrameworksBuildPhase;
			buildActionMask = 2147483647;
			files = (
			);
			runOnlyForDeploymentPostprocessing = 0;
		};
/* End PBXFrameworksBuildPhase section */

/* Begin PBXGroup section */
		722AC1DD2640E4D100EEBA66 = {
			isa = PBXGroup;
			children = (
				722AC1E82640E4D200EEBA66 /* Hobbly */,
				722AC1E72640E4D200EEBA66 /* Products */,
			);
			sourceTree = "<group>";
		};
		722AC1E72640E4D200EEBA66 /* Products */ = {
			isa = PBXGroup;
			children = (
				722AC1E62640E4D200EEBA66 /* Hobbly.app */,
			);
			name = Products;
			sourceTree = "<group>";
		};
		722AC1E82640E4D200EEBA66 /* Hobbly */ = {
			isa = PBXGroup;
			children = (
				727F6FDF264A1520002C39C6 /* View */,
				722AC1E92640E4D200EEBA66 /* AppDelegate.swift */,
				722AC1EB2640E4D200EEBA66 /* SceneDelegate.swift */,
				727F6FDE264A14FE002C39C6 /* Model */,
				722AC1EF2640E4D800EEBA66 /* Assets.xcassets */,
				722AC1F42640E4D900EEBA66 /* LaunchScreen.storyboard */,
				722AC1FE2641045C00EEBA66 /* Helper.swift */,
				722AC209264117B800EEBA66 /* activities.json */,
				722AC1F72640E4D900EEBA66 /* Info.plist */,
				722AC1F12640E4D900EEBA66 /* Preview Content */,
			);
			path = Hobbly;
			sourceTree = "<group>";
		};
		722AC1F12640E4D900EEBA66 /* Preview Content */ = {
			isa = PBXGroup;
			children = (
				722AC1F22640E4D900EEBA66 /* Preview Assets.xcassets */,
			);
			path = "Preview Content";
			sourceTree = "<group>";
		};
		727F6FDE264A14FE002C39C6 /* Model */ = {
			isa = PBXGroup;
			children = (
				727F6FDC26497319002C39C6 /* ActivityStore.swift */,
				722AC202264105BA00EEBA66 /* Activity.swift */,
			);
			path = Model;
			sourceTree = "<group>";
		};
		727F6FDF264A1520002C39C6 /* View */ = {
			isa = PBXGroup;
			children = (
				727F6FE2264A196F002C39C6 /* SideMenu.swift */,
				727F6FDA2648C56A002C39C6 /* ActivityDetail.swift */,
				722AC1ED2640E4D200EEBA66 /* ContentView.swift */,
				727F6FE0264A153E002C39C6 /* HomeView.swift */,
			);
			path = View;
			sourceTree = "<group>";
		};
/* End PBXGroup section */

/* Begin PBXNativeTarget section */
		722AC1E52640E4D200EEBA66 /* Hobbly */ = {
			isa = PBXNativeTarget;
			buildConfigurationList = 722AC1FA2640E4D900EEBA66 /* Build configuration list for PBXNativeTarget "Hobbly" */;
			buildPhases = (
				722AC1E22640E4D200EEBA66 /* Sources */,
				722AC1E32640E4D200EEBA66 /* Frameworks */,
				722AC1E42640E4D200EEBA66 /* Resources */,
			);
			buildRules = (
			);
			dependencies = (
			);
			name = Hobbly;
			productName = Hobbly;
			productReference = 722AC1E62640E4D200EEBA66 /* Hobbly.app */;
			productType = "com.apple.product-type.application";
		};
/* End PBXNativeTarget section */

/* Begin PBXProject section */
		722AC1DE2640E4D100EEBA66 /* Project object */ = {
			isa = PBXProject;
			attributes = {
				LastSwiftUpdateCheck = 1240;
				LastUpgradeCheck = 1240;
				TargetAttributes = {
					722AC1E52640E4D200EEBA66 = {
						CreatedOnToolsVersion = 12.4;
					};
				};
			};
			buildConfigurationList = 722AC1E12640E4D100EEBA66 /* Build configuration list for PBXProject "Hobbly" */;
			compatibilityVersion = "Xcode 9.3";
			developmentRegion = en;
			hasScannedForEncodings = 0;
			knownRegions = (
				en,
				Base,
			);
			mainGroup = 722AC1DD2640E4D100EEBA66;
			productRefGroup = 722AC1E72640E4D200EEBA66 /* Products */;
			projectDirPath = "";
			projectRoot = "";
			targets = (
				722AC1E52640E4D200EEBA66 /* Hobbly */,
			);
		};
/* End PBXProject section */

/* Begin PBXResourcesBuildPhase section */
		722AC1E42640E4D200EEBA66 /* Resources */ = {
			isa = PBXResourcesBuildPhase;
			buildActionMask = 2147483647;
			files = (
				722AC20A264117B900EEBA66 /* activities.json in Resources */,
				722AC1F62640E4D900EEBA66 /* LaunchScreen.storyboard in Resources */,
				722AC1F32640E4D900EEBA66 /* Preview Assets.xcassets in Resources */,
				722AC1F02640E4D800EEBA66 /* Assets.xcassets in Resources */,
			);
			runOnlyForDeploymentPostprocessing = 0;
		};
/* End PBXResourcesBuildPhase section */

/* Begin PBXSourcesBuildPhase section */
		722AC1E22640E4D200EEBA66 /* Sources */ = {
			isa = PBXSourcesBuildPhase;
			buildActionMask = 2147483647;
			files = (
				722AC203264105BA00EEBA66 /* Activity.swift in Sources */,
				727F6FDD26497319002C39C6 /* ActivityStore.swift in Sources */,
				722AC1EA2640E4D200EEBA66 /* AppDelegate.swift in Sources */,
				727F6FE3264A196F002C39C6 /* SideMenu.swift in Sources */,
				727F6FDB2648C56B002C39C6 /* ActivityDetail.swift in Sources */,
				722AC1EC2640E4D200EEBA66 /* SceneDelegate.swift in Sources */,
				727F6FE1264A153E002C39C6 /* HomeView.swift in Sources */,
				722AC1EE2640E4D200EEBA66 /* ContentView.swift in Sources */,
				722AC1FF2641045D00EEBA66 /* Helper.swift in Sources */,
			);
			runOnlyForDeploymentPostprocessing = 0;
		};
/* End PBXSourcesBuildPhase section */

/* Begin PBXVariantGroup section */
		722AC1F42640E4D900EEBA66 /* LaunchScreen.storyboard */ = {
			isa = PBXVariantGroup;
			children = (
				722AC1F52640E4D900EEBA66 /* Base */,
			);
			name = LaunchScreen.storyboard;
			sourceTree = "<group>";
		};
/* End PBXVariantGroup section */

/* Begin XCBuildConfiguration section */
		722AC1F82640E4D900EEBA66 /* Debug */ = {
			isa = XCBuildConfiguration;
			buildSettings = {
				ALWAYS_SEARCH_USER_PATHS = NO;
				CLANG_ANALYZER_NONNULL = YES;
				CLANG_ANALYZER_NUMBER_OBJECT_CONVERSION = YES_AGGRESSIVE;
				CLANG_CXX_LANGUAGE_STANDARD = "gnu++14";
				CLANG_CXX_LIBRARY = "libc++";
				CLANG_ENABLE_MODULES = YES;
				CLANG_ENABLE_OBJC_ARC = YES;
				CLANG_ENABLE_OBJC_WEAK = YES;
				CLANG_WARN_BLOCK_CAPTURE_AUTORELEASING = YES;
				CLANG_WARN_BOOL_CONVERSION = YES;
				CLANG_WARN_COMMA = YES;
				CLANG_WARN_CONSTANT_CONVERSION = YES;
				CLANG_WARN_DEPRECATED_OBJC_IMPLEMENTATIONS = YES;
				CLANG_WARN_DIRECT_OBJC_ISA_USAGE = YES_ERROR;
				CLANG_WARN_DOCUMENTATION_COMMENTS = YES;
				CLANG_WARN_EMPTY_BODY = YES;
				CLANG_WARN_ENUM_CONVERSION = YES;
				CLANG_WARN_INFINITE_RECURSION = YES;
				CLANG_WARN_INT_CONVERSION = YES;
				CLANG_WARN_NON_LITERAL_NULL_CONVERSION = YES;
				CLANG_WARN_OBJC_IMPLICIT_RETAIN_SELF = YES;
				CLANG_WARN_OBJC_LITERAL_CONVERSION = YES;
				CLANG_WARN_OBJC_ROOT_CLASS = YES_ERROR;
				CLANG_WARN_QUOTED_INCLUDE_IN_FRAMEWORK_HEADER = YES;
				CLANG_WARN_RANGE_LOOP_ANALYSIS = YES;
				CLANG_WARN_STRICT_PROTOTYPES = YES;
				CLANG_WARN_SUSPICIOUS_MOVE = YES;
				CLANG_WARN_UNGUARDED_AVAILABILITY = YES_AGGRESSIVE;
				CLANG_WARN_UNREACHABLE_CODE = YES;
				CLANG_WARN__DUPLICATE_METHOD_MATCH = YES;
				COPY_PHASE_STRIP = NO;
				DEBUG_INFORMATION_FORMAT = dwarf;
				ENABLE_STRICT_OBJC_MSGSEND = YES;
				ENABLE_TESTABILITY = YES;
				GCC_C_LANGUAGE_STANDARD = gnu11;
				GCC_DYNAMIC_NO_PIC = NO;
				GCC_NO_COMMON_BLOCKS = YES;
				GCC_OPTIMIZATION_LEVEL = 0;
				GCC_PREPROCESSOR_DEFINITIONS = (
					"DEBUG=1",
					"$(inherited)",
				);
				GCC_WARN_64_TO_32_BIT_CONVERSION = YES;
				GCC_WARN_ABOUT_RETURN_TYPE = YES_ERROR;
				GCC_WARN_UNDECLARED_SELECTOR = YES;
				GCC_WARN_UNINITIALIZED_AUTOS = YES_AGGRESSIVE;
				GCC_WARN_UNUSED_FUNCTION = YES;
				GCC_WARN_UNUSED_VARIABLE = YES;
				IPHONEOS_DEPLOYMENT_TARGET = 14.4;
				MTL_ENABLE_DEBUG_INFO = INCLUDE_SOURCE;
				MTL_FAST_MATH = YES;
				ONLY_ACTIVE_ARCH = YES;
				SDKROOT = iphoneos;
				SWIFT_ACTIVE_COMPILATION_CONDITIONS = DEBUG;
				SWIFT_OPTIMIZATION_LEVEL = "-Onone";
			};
			name = Debug;
		};
		722AC1F92640E4D900EEBA66 /* Release */ = {
			isa = XCBuildConfiguration;
			buildSettings = {
				ALWAYS_SEARCH_USER_PATHS = NO;
				CLANG_ANALYZER_NONNULL = YES;
				CLANG_ANALYZER_NUMBER_OBJECT_CONVERSION = YES_AGGRESSIVE;
				CLANG_CXX_LANGUAGE_STANDARD = "gnu++14";
				CLANG_CXX_LIBRARY = "libc++";
				CLANG_ENABLE_MODULES = YES;
				CLANG_ENABLE_OBJC_ARC = YES;
				CLANG_ENABLE_OBJC_WEAK = YES;
				CLANG_WARN_BLOCK_CAPTURE_AUTORELEASING = YES;
				CLANG_WARN_BOOL_CONVERSION = YES;
				CLANG_WARN_COMMA = YES;
				CLANG_WARN_CONSTANT_CONVERSION = YES;
				CLANG_WARN_DEPRECATED_OBJC_IMPLEMENTATIONS = YES;
				CLANG_WARN_DIRECT_OBJC_ISA_USAGE = YES_ERROR;
				CLANG_WARN_DOCUMENTATION_COMMENTS = YES;
				CLANG_WARN_EMPTY_BODY = YES;
				CLANG_WARN_ENUM_CONVERSION = YES;
				CLANG_WARN_INFINITE_RECURSION = YES;
				CLANG_WARN_INT_CONVERSION = YES;
				CLANG_WARN_NON_LITERAL_NULL_CONVERSION = YES;
				CLANG_WARN_OBJC_IMPLICIT_RETAIN_SELF = YES;
				CLANG_WARN_OBJC_LITERAL_CONVERSION = YES;
				CLANG_WARN_OBJC_ROOT_CLASS = YES_ERROR;
				CLANG_WARN_QUOTED_INCLUDE_IN_FRAMEWORK_HEADER = YES;
				CLANG_WARN_RANGE_LOOP_ANALYSIS = YES;
				CLANG_WARN_STRICT_PROTOTYPES = YES;
				CLANG_WARN_SUSPICIOUS_MOVE = YES;
				CLANG_WARN_UNGUARDED_AVAILABILITY = YES_AGGRESSIVE;
				CLANG_WARN_UNREACHABLE_CODE = YES;
				CLANG_WARN__DUPLICATE_METHOD_MATCH = YES;
				COPY_PHASE_STRIP = NO;
				DEBUG_INFORMATION_FORMAT = "dwarf-with-dsym";
				ENABLE_NS_ASSERTIONS = NO;
				ENABLE_STRICT_OBJC_MSGSEND = YES;
				GCC_C_LANGUAGE_STANDARD = gnu11;
				GCC_NO_COMMON_BLOCKS = YES;
				GCC_WARN_64_TO_32_BIT_CONVERSION = YES;
				GCC_WARN_ABOUT_RETURN_TYPE = YES_ERROR;
				GCC_WARN_UNDECLARED_SELECTOR = YES;
				GCC_WARN_UNINITIALIZED_AUTOS = YES_AGGRESSIVE;
				GCC_WARN_UNUSED_FUNCTION = YES;
				GCC_WARN_UNUSED_VARIABLE = YES;
				IPHONEOS_DEPLOYMENT_TARGET = 14.4;
				MTL_ENABLE_DEBUG_INFO = NO;
				MTL_FAST_MATH = YES;
				SDKROOT = iphoneos;
				SWIFT_COMPILATION_MODE = wholemodule;
				SWIFT_OPTIMIZATION_LEVEL = "-O";
				VALIDATE_PRODUCT = YES;
			};
			name = Release;
		};
		722AC1FB2640E4D900EEBA66 /* Debug */ = {
			isa = XCBuildConfiguration;
			buildSettings = {
				ASSETCATALOG_COMPILER_APPICON_NAME = AppIcon;
				ASSETCATALOG_COMPILER_GLOBAL_ACCENT_COLOR_NAME = AccentColor;
				CODE_SIGN_STYLE = Automatic;
				DEVELOPMENT_ASSET_PATHS = "\"Hobbly/Preview Content\"";
				DEVELOPMENT_TEAM = X4633744S9;
				ENABLE_PREVIEWS = YES;
				INFOPLIST_FILE = Hobbly/Info.plist;
				LD_RUNPATH_SEARCH_PATHS = (
					"$(inherited)",
					"@executable_path/Frameworks",
				);
				PRODUCT_BUNDLE_IDENTIFIER = com.ninaparipovic.Hobbly;
				PRODUCT_NAME = "$(TARGET_NAME)";
				SWIFT_VERSION = 5.0;
				TARGETED_DEVICE_FAMILY = "1,2";
			};
			name = Debug;
		};
		722AC1FC2640E4D900EEBA66 /* Release */ = {
			isa = XCBuildConfiguration;
			buildSettings = {
				ASSETCATALOG_COMPILER_APPICON_NAME = AppIcon;
				ASSETCATALOG_COMPILER_GLOBAL_ACCENT_COLOR_NAME = AccentColor;
				CODE_SIGN_STYLE = Automatic;
				DEVELOPMENT_ASSET_PATHS = "\"Hobbly/Preview Content\"";
				DEVELOPMENT_TEAM = X4633744S9;
				ENABLE_PREVIEWS = YES;
				INFOPLIST_FILE = Hobbly/Info.plist;
				LD_RUNPATH_SEARCH_PATHS = (
					"$(inherited)",
					"@executable_path/Frameworks",
				);
				PRODUCT_BUNDLE_IDENTIFIER = com.ninaparipovic.Hobbly;
				PRODUCT_NAME = "$(TARGET_NAME)";
				SWIFT_VERSION = 5.0;
				TARGETED_DEVICE_FAMILY = "1,2";
			};
			name = Release;
		};
/* End XCBuildConfiguration section */

/* Begin XCConfigurationList section */
		722AC1E12640E4D100EEBA66 /* Build configuration list for PBXProject "Hobbly" */ = {
			isa = XCConfigurationList;
			buildConfigurations = (
				722AC1F82640E4D900EEBA66 /* Debug */,
				722AC1F92640E4D900EEBA66 /* Release */,
			);
			defaultConfigurationIsVisible = 0;
			defaultConfigurationName = Release;
		};
		722AC1FA2640E4D900EEBA66 /* Build configuration list for PBXNativeTarget "Hobbly" */ = {
			isa = XCConfigurationList;
			buildConfigurations = (
				722AC1FB2640E4D900EEBA66 /* Debug */,
				722AC1FC2640E4D900EEBA66 /* Release */,
			);
			defaultConfigurationIsVisible = 0;
			defaultConfigurationName = Release;
		};
/* End XCConfigurationList section */
	};
	rootObject = 722AC1DE2640E4D100EEBA66 /* Project object */;
}
